<?xml version="1.0" encoding="utf-8"?>
<Project ToolsVersion="4.0" xmlns="http://schemas.microsoft.com/developer/msbuild/2003">
  <ItemGroup>
    <Filter Include="Common">
      <UniqueIdentifier>dd1d9c52-353f-438c-9fa7-00631aeb5848</UniqueIdentifier>
    </Filter>
    <Filter Include="Assets">
      <UniqueIdentifier>87374964-3c8e-49d9-b268-b997918f83ef</UniqueIdentifier>
      <Extensions>ico;cur;bmp;dds;dlg;fbx;rct;bin;rgs;gif;jpg;jpeg;jpe;resx;tga;tiff;tif;png;wav;mfcribbon-ms</Extensions>
    </Filter>
  </ItemGroup>
  <ItemGroup>
    <ClInclude Include="pch.h" />
    <ClInclude Include="Game.h" />
    <ClInclude Include="StepTimer.h">
      <Filter>Common</Filter>
    </ClInclude>
    <ClInclude Include="DeviceResources.h">
      <Filter>Common</Filter>
    </ClInclude>
    <ClInclude Include="Camera.h" />
    <ClInclude Include="Input.h" />
    <ClInclude Include="modelclass.h" />
    <ClInclude Include="Shader.h" />
    <ClInclude Include="Light.h" />
    <ClInclude Include="ReadData.h" />
    <ClInclude Include="RenderTexture.h" />
    <ClInclude Include="SkyboxEffect.h" />
  </ItemGroup>
  <ItemGroup>
    <ClCompile Include="pch.cpp" />
    <ClCompile Include="Game.cpp" />
    <ClCompile Include="Main.cpp" />
    <ClCompile Include="DeviceResources.cpp">
      <Filter>Common</Filter>
    </ClCompile>
    <ClCompile Include="Camera.cpp" />
    <ClCompile Include="Input.cpp" />
    <ClCompile Include="modelclass.cpp" />
    <ClCompile Include="Shader.cpp" />
    <ClCompile Include="Light.cpp" />
    <ClCompile Include="RenderTexture.cpp" />
    <ClCompile Include="SkyboxEffect.cpp" />
  </ItemGroup>
  <ItemGroup>
    <ResourceCompile Include="resource.rc" />
  </ItemGroup>
  <ItemGroup>
    <Image Include="directx.ico">
      <Filter>Assets</Filter>
    </Image>
    <Image Include="lobbycube.dds">
      <Filter>Assets</Filter>
    </Image>
    <Image Include="chair.dds">
      <Filter>Assets</Filter>
    </Image>
    <Image Include="floor.dds">
      <Filter>Assets</Filter>
    </Image>
    <Image Include="OutputCube.dds">
      <Filter>Assets</Filter>
    </Image>
    <Image Include="silver.dds">
      <Filter>Assets</Filter>
    </Image>
    <Image Include="gold.dds">
      <Filter>Assets</Filter>
    </Image>
    <Image Include="black.dds">
      <Filter>Assets</Filter>
    </Image>
  </ItemGroup>
  <ItemGroup>
    <Manifest Include="settings.manifest">
      <Filter>Assets</Filter>
    </Manifest>
  </ItemGroup>
  <ItemGroup>
    <None Include="packages.config" />
    <None Include="floor.cmo" />
    <None Include="chair.cmo" />
    <None Include="SkyboxEffect_Common.hlsli">
      <Filter>Assets</Filter>
    </None>
  </ItemGroup>
  <ItemGroup>
    <FxCompile Include="light_vs.hlsl">
      <Filter>Assets</Filter>
    </FxCompile>
    <FxCompile Include="light_ps.hlsl">
      <Filter>Assets</Filter>
    </FxCompile>
    <FxCompile Include="colour_ps.hlsl">
      <Filter>Assets</Filter>
    </FxCompile>
    <FxCompile Include="colour_vs.hlsl">
      <Filter>Assets</Filter>
    </FxCompile>
    <FxCompile Include="SkyboxEffect_PS.hlsl">
      <Filter>Assets</Filter>
    </FxCompile>
    <FxCompile Include="SkyboxEffect_VS.hlsl">
      <Filter>Assets</Filter>
    </FxCompile>
  </ItemGroup>
</Project>